
Microsoft Visual Studio Solution File, Format Version 12.00
# Visual Studio Version 16
VisualStudioVersion = 16.0.32510.428
MinimumVisualStudioVersion = 10.0.40219.1
Project("{FAE04EC0-301F-11D3-BF4B-00C04F79EFBC}") = "co2e", "co2e\co2e.csproj", "{21E14469-CCC7-4B8F-AEF4-D0B792E334B6}"
EndProject
Project("{2150E333-8FDC-42A3-9474-1A3956D46DE8}") = "NewFolder1", "NewFolder1", "{68F7FF6A-F8FC-4C78-AFFD-FBBA9E50F90A}"
EndProject
Project("{FAE04EC0-301F-11D3-BF4B-00C04F79EFBC}") = "ConsoleApp1", "ConsoleApp1\ConsoleApp1.csproj", "{6588997B-F910-497A-83E1-BE759E81A63F}"
EndProject
Global
	GlobalSection(SolutionConfigurationPlatforms) = preSolution
		Debug|Any CPU = Debug|Any CPU
		Release|Any CPU = Release|Any CPU
	EndGlobalSection
	GlobalSection(ProjectConfigurationPlatforms) = postSolution
		{21E14469-CCC7-4B8F-AEF4-D0B792E334B6}.Debug|Any CPU.ActiveCfg = Debug|Any CPU
		{21E14469-CCC7-4B8F-AEF4-D0B792E334B6}.Debug|Any CPU.Build.0 = Debug|Any CPU
		{21E14469-CCC7-4B8F-AEF4-D0B792E334B6}.Release|Any CPU.ActiveCfg = Release|Any CPU
		{21E14469-CCC7-4B8F-AEF4-D0B792E334B6}.Release|Any CPU.Build.0 = Release|Any CPU
		{6588997B-F910-497A-83E1-BE759E81A63F}.Debug|Any CPU.ActiveCfg = Debug|Any CPU
		{6588997B-F910-497A-83E1-BE759E81A63F}.Debug|Any CPU.Build.0 = Debug|Any CPU
		{6588997B-F910-497A-83E1-BE759E81A63F}.Release|Any CPU.ActiveCfg = Release|Any CPU
		{6588997B-F910-497A-83E1-BE759E81A63F}.Release|Any CPU.Build.0 = Release|Any CPU
	EndGlobalSection
	GlobalSection(SolutionProperties) = preSolution
		HideSolutionNode = FALSE
	EndGlobalSection
	GlobalSection(NestedProjects) = preSolution
		{6588997B-F910-497A-83E1-BE759E81A63F} = {68F7FF6A-F8FC-4C78-AFFD-FBBA9E50F90A}
	EndGlobalSection
	GlobalSection(ExtensibilityGlobals) = postSolution
		SolutionGuid = {36971B8E-8ADD-4742-BCB1-20966E42C048}
	EndGlobalSection
EndGlobal
